// !$*UTF8*$!
{
	archiveVersion = 1;
	classes = {
	};
	objectVersion = 46;
	objects = {

/* Begin PBXBuildFile section */
		B9B860A41B9EB1920011F97C /* main.m in Sources */ = {isa = PBXBuildFile; fileRef = B9B860A31B9EB1920011F97C /* main.m */; };
		B9B860A71B9EB1920011F97C /* AppDelegate.m in Sources */ = {isa = PBXBuildFile; fileRef = B9B860A61B9EB1920011F97C /* AppDelegate.m */; };
		B9B860AA1B9EB1920011F97C /* ViewController.m in Sources */ = {isa = PBXBuildFile; fileRef = B9B860A91B9EB1920011F97C /* ViewController.m */; };
		B9B860AD1B9EB1920011F97C /* Main.storyboard in Resources */ = {isa = PBXBuildFile; fileRef = B9B860AB1B9EB1920011F97C /* Main.storyboard */; };
		B9B860AF1B9EB1920011F97C /* Images.xcassets in Resources */ = {isa = PBXBuildFile; fileRef = B9B860AE1B9EB1920011F97C /* Images.xcassets */; };
		B9B860B21B9EB1920011F97C /* LaunchScreen.xib in Resources */ = {isa = PBXBuildFile; fileRef = B9B860B01B9EB1920011F97C /* LaunchScreen.xib */; };
		B9B860BE1B9EB1920011F97C /* DailDemoTests.m in Sources */ = {isa = PBXBuildFile; fileRef = B9B860BD1B9EB1920011F97C /* DailDemoTests.m */; };
/* End PBXBuildFile section */

/* Begin PBXContainerItemProxy section */
		B9B860B81B9EB1920011F97C /* PBXContainerItemProxy */ = {
			isa = PBXContainerItemProxy;
			containerPortal = B9B860961B9EB1920011F97C /* Project object */;
			proxyType = 1;
			remoteGlobalIDString = B9B8609D1B9EB1920011F97C;
			remoteInfo = DailDemo;
		};
/* End PBXContainerItemProxy section */

/* Begin PBXFileReference section */
		B9B8609E1B9EB1920011F97C /* DailDemo.app */ = {isa = PBXFileReference; explicitFileType = wrapper.application; includeInIndex = 0; path = DailDemo.app; sourceTree = BUILT_PRODUCTS_DIR; };
		B9B860A21B9EB1920011F97C /* Info.plist */ = {isa = PBXFileReference; lastKnownFileType = text.plist.xml; path = Info.plist; sourceTree = "<group>"; };
		B9B860A31B9EB1920011F97C /* main.m */ = {isa = PBXFileReference; lastKnownFileType = sourcecode.c.objc; path = main.m; sourceTree = "<group>"; };
		B9B860A51B9EB1920011F97C /* AppDelegate.h */ = {isa = PBXFileReference; lastKnownFileType = sourcecode.c.h; path = AppDelegate.h; sourceTree = "<group>"; };
		B9B860A61B9EB1920011F97C /* AppDelegate.m */ = {isa = PBXFileReference; lastKnownFileType = sourcecode.c.objc; path = AppDelegate.m; sourceTree = "<group>"; };
		B9B860A81B9EB1920011F97C /* ViewController.h */ = {isa = PBXFileReference; lastKnownFileType = sourcecode.c.h; path = ViewController.h; sourceTree = "<group>"; };
		B9B860A91B9EB1920011F97C /* ViewController.m */ = {isa = PBXFileReference; lastKnownFileType = sourcecode.c.objc; path = ViewController.m; sourceTree = "<group>"; };
		B9B860AC1B9EB1920011F97C /* Base */ = {isa = PBXFileReference; lastKnownFileType = file.storyboard; name = Base; path = Base.lproj/Main.storyboard; sourceTree = "<group>"; };
		B9B860AE1B9EB1920011F97C /* Images.xcassets */ = {isa = PBXFileReference; lastKnownFileType = folder.assetcatalog; path = Images.xcassets; sourceTree = "<group>"; };
		B9B860B11B9EB1920011F97C /* Base */ = {isa = PBXFileReference; lastKnownFileType = file.xib; name = Base; path = Base.lproj/LaunchScreen.xib; sourceTree = "<group>"; };
		B9B860B71B9EB1920011F97C /* DailDemoTests.xctest */ = {isa = PBXFileReference; explicitFileType = wrapper.cfbundle; includeInIndex = 0; path = DailDemoTests.xctest; sourceTree = BUILT_PRODUCTS_DIR; };
		B9B860BC1B9EB1920011F97C /* Info.plist */ = {isa = PBXFileReference; lastKnownFileType = text.plist.xml; path = Info.plist; sourceTree = "<group>"; };
		B9B860BD1B9EB1920011F97C /* DailDemoTests.m */ = {isa = PBXFileReference; lastKnownFileType = sourcecode.c.objc; path = DailDemoTests.m; sourceTree = "<group>"; };
/* End PBXFileReference section */

/* Begin PBXFrameworksBuildPhase section */
		B9B8609B1B9EB1920011F97C /* Frameworks */ = {
			isa = PBXFrameworksBuildPhase;
			buildActionMask = 2147483647;
			files = (
			);
			runOnlyForDeploymentPostprocessing = 0;
		};
		B9B860B41B9EB1920011F97C /* Frameworks */ = {
			isa = PBXFrameworksBuildPhase;
			buildActionMask = 2147483647;
			files = (
			);
			runOnlyForDeploymentPostprocessing = 0;
		};
/* End PBXFrameworksBuildPhase section */

/* Begin PBXGroup section */
		B9B860951B9EB1920011F97C = {
			isa = PBXGroup;
			children = (
				B9B860A01B9EB1920011F97C /* DailDemo */,
				B9B860BA1B9EB1920011F97C /* DailDemoTests */,
				B9B8609F1B9EB1920011F97C /* Products */,
			);
			sourceTree = "<group>";
		};
		B9B8609F1B9EB1920011F97C /* Products */ = {
			isa = PBXGroup;
			children = (
				B9B8609E1B9EB1920011F97C /* DailDemo.app */,
				B9B860B71B9EB1920011F97C /* DailDemoTests.xctest */,
			);
			name = Products;
			sourceTree = "<group>";
		};
		B9B860A01B9EB1920011F97C /* DailDemo */ = {
			isa = PBXGroup;
			children = (
				B9B860A51B9EB1920011F97C /* AppDelegate.h */,
				B9B860A61B9EB1920011F97C /* AppDelegate.m */,
				B9B860A81B9EB1920011F97C /* ViewController.h */,
				B9B860A91B9EB1920011F97C /* ViewController.m */,
				B9B860AB1B9EB1920011F97C /* Main.storyboard */,
				B9B860AE1B9EB1920011F97C /* Images.xcassets */,
				B9B860B01B9EB1920011F97C /* LaunchScreen.xib */,
				B9B860A11B9EB1920011F97C /* Supporting Files */,
			);
			path = DailDemo;
			sourceTree = "<group>";
		};
		B9B860A11B9EB1920011F97C /* Supporting Files */ = {
			isa = PBXGroup;
			children = (
				B9B860A21B9EB1920011F97C /* Info.plist */,
				B9B860A31B9EB1920011F97C /* main.m */,
			);
			name = "Supporting Files";
			sourceTree = "<group>";
		};
		B9B860BA1B9EB1920011F97C /* DailDemoTests */ = {
			isa = PBXGroup;
			children = (
				B9B860BD1B9EB1920011F97C /* DailDemoTests.m */,
				B9B860BB1B9EB1920011F97C /* Supporting Files */,
			);
			path = DailDemoTests;
			sourceTree = "<group>";
		};
		B9B860BB1B9EB1920011F97C /* Supporting Files */ = {
			isa = PBXGroup;
			children = (
				B9B860BC1B9EB1920011F97C /* Info.plist */,
			);
			name = "Supporting Files";
			sourceTree = "<group>";
		};
/* End PBXGroup section */

/* Begin PBXNativeTarget section */
		B9B8609D1B9EB1920011F97C /* DailDemo */ = {
			isa = PBXNativeTarget;
			buildConfigurationList = B9B860C11B9EB1920011F97C /* Build configuration list for PBXNativeTarget "DailDemo" */;
			buildPhases = (
				B9B8609A1B9EB1920011F97C /* Sources */,
				B9B8609B1B9EB1920011F97C /* Frameworks */,
				B9B8609C1B9EB1920011F97C /* Resources */,
			);
			buildRules = (
			);
			dependencies = (
			);
			name = DailDemo;
			productName = DailDemo;
			productReference = B9B8609E1B9EB1920011F97C /* DailDemo.app */;
			productType = "com.apple.product-type.application";
		};
		B9B860B61B9EB1920011F97C /* DailDemoTests */ = {
			isa = PBXNativeTarget;
			buildConfigurationList = B9B860C41B9EB1920011F97C /* Build configuration list for PBXNativeTarget "DailDemoTests" */;
			buildPhases = (
				B9B860B31B9EB1920011F97C /* Sources */,
				B9B860B41B9EB1920011F97C /* Frameworks */,
				B9B860B51B9EB1920011F97C /* Resources */,
			);
			buildRules = (
			);
			dependencies = (
				B9B860B91B9EB1920011F97C /* PBXTargetDependency */,
			);
			name = DailDemoTests;
			productName = DailDemoTests;
			productReference = B9B860B71B9EB1920011F97C /* DailDemoTests.xctest */;
			productType = "com.apple.product-type.bundle.unit-test";
		};
/* End PBXNativeTarget section */

/* Begin PBXProject section */
		B9B860961B9EB1920011F97C /* Project object */ = {
			isa = PBXProject;
			attributes = {
				LastUpgradeCheck = 0640;
				ORGANIZATIONNAME = "胖子";
				TargetAttributes = {
					B9B8609D1B9EB1920011F97C = {
						CreatedOnToolsVersion = 6.4;
					};
					B9B860B61B9EB1920011F97C = {
						CreatedOnToolsVersion = 6.4;
						TestTargetID = B9B8609D1B9EB1920011F97C;
					};
				};
			};
			buildConfigurationList = B9B860991B9EB1920011F97C /* Build configuration list for PBXProject "DailDemo" */;
			compatibilityVersion = "Xcode 3.2";
			developmentRegion = English;
			hasScannedForEncodings = 0;
			knownRegions = (
				en,
				Base,
			);
			mainGroup = B9B860951B9EB1920011F97C;
			productRefGroup = B9B8609F1B9EB1920011F97C /* Products */;
			projectDirPath = "";
			projectRoot = "";
			targets = (
				B9B8609D1B9EB1920011F97C /* DailDemo */,
				B9B860B61B9EB1920011F97C /* DailDemoTests */,
			);
		};
/* End PBXProject section */

/* Begin PBXResourcesBuildPhase section */
		B9B8609C1B9EB1920011F97C /* Resources */ = {
			isa = PBXResourcesBuildPhase;
			buildActionMask = 2147483647;
			files = (
				B9B860AD1B9EB1920011F97C /* Main.storyboard in Resources */,
				B9B860B21B9EB1920011F97C /* LaunchScreen.xib in Resources */,
				B9B860AF1B9EB1920011F97C /* Images.xcassets in Resources */,
			);
			runOnlyForDeploymentPostprocessing = 0;
		};
		B9B860B51B9EB1920011F97C /* Resources */ = {
			isa = PBXResourcesBuildPhase;
			buildActionMask = 2147483647;
			files = (
			);
			runOnlyForDeploymentPostprocessing = 0;
		};
/* End PBXResourcesBuildPhase section */

/* Begin PBXSourcesBuildPhase section */
		B9B8609A1B9EB1920011F97C /* Sources */ = {
			isa = PBXSourcesBuildPhase;
			buildActionMask = 2147483647;
			files = (
				B9B860AA1B9EB1920011F97C /* ViewController.m in Sources */,
				B9B860A71B9EB1920011F97C /* AppDelegate.m in Sources */,
				B9B860A41B9EB1920011F97C /* main.m in Sources */,
			);
			runOnlyForDeploymentPostprocessing = 0;
		};
		B9B860B31B9EB1920011F97C /* Sources */ = {
			isa = PBXSourcesBuildPhase;
			buildActionMask = 2147483647;
			files = (
				B9B860BE1B9EB1920011F97C /* DailDemoTests.m in Sources */,
			);
			runOnlyForDeploymentPostprocessing = 0;
		};
/* End PBXSourcesBuildPhase section */

/* Begin PBXTargetDependency section */
		B9B860B91B9EB1920011F97C /* PBXTargetDependency */ = {
			isa = PBXTargetDependency;
			target = B9B8609D1B9EB1920011F97C /* DailDemo */;
			targetProxy = B9B860B81B9EB1920011F97C /* PBXContainerItemProxy */;
		};
/* End PBXTargetDependency section */

/* Begin PBXVariantGroup section */
		B9B860AB1B9EB1920011F97C /* Main.storyboard */ = {
			isa = PBXVariantGroup;
			children = (
				B9B860AC1B9EB1920011F97C /* Base */,
			);
			name = Main.storyboard;
			sourceTree = "<group>";
		};
		B9B860B01B9EB1920011F97C /* LaunchScreen.xib */ = {
			isa = PBXVariantGroup;
			children = (
				B9B860B11B9EB1920011F97C /* Base */,
			);
			name = LaunchScreen.xib;
			sourceTree = "<group>";
		};
/* End PBXVariantGroup section */

/* Begin XCBuildConfiguration section */
		B9B860BF1B9EB1920011F97C /* Debug */ = {
			isa = XCBuildConfiguration;
			buildSettings = {
				ALWAYS_SEARCH_USER_PATHS = NO;
				CLANG_CXX_LANGUAGE_STANDARD = "gnu++0x";
				CLANG_CXX_LIBRARY = "libc++";
				CLANG_ENABLE_MODULES = YES;
				CLANG_ENABLE_OBJC_ARC = YES;
				CLANG_WARN_BOOL_CONVERSION = YES;
				CLANG_WARN_CONSTANT_CONVERSION = YES;
				CLANG_WARN_DIRECT_OBJC_ISA_USAGE = YES_ERROR;
				CLANG_WARN_EMPTY_BODY = YES;
				CLANG_WARN_ENUM_CONVERSION = YES;
				CLANG_WARN_INT_CONVERSION = YES;
				CLANG_WARN_OBJC_ROOT_CLASS = YES_ERROR;
				CLANG_WARN_UNREACHABLE_CODE = YES;
				CLANG_WARN__DUPLICATE_METHOD_MATCH = YES;
				"CODE_SIGN_IDENTITY[sdk=iphoneos*]" = "iPhone Developer";
				COPY_PHASE_STRIP = NO;
				DEBUG_INFORMATION_FORMAT = "dwarf-with-dsym";
				ENABLE_STRICT_OBJC_MSGSEND = YES;
				GCC_C_LANGUAGE_STANDARD = gnu99;
				GCC_DYNAMIC_NO_PIC = NO;
				GCC_NO_COMMON_BLOCKS = YES;
				GCC_OPTIMIZATION_LEVEL = 0;
				GCC_PREPROCESSOR_DEFINITIONS = (
					"DEBUG=1",
					"$(inherited)",
				);
				GCC_SYMBOLS_PRIVATE_EXTERN = NO;
				GCC_WARN_64_TO_32_BIT_CONVERSION = YES;
				GCC_WARN_ABOUT_RETURN_TYPE = YES_ERROR;
				GCC_WARN_UNDECLARED_SELECTOR = YES;
				GCC_WARN_UNINITIALIZED_AUTOS = YES_AGGRESSIVE;
				GCC_WARN_UNUSED_FUNCTION = YES;
				GCC_WARN_UNUSED_VARIABLE = YES;
				IPHONEOS_DEPLOYMENT_TARGET = 8.4;
				MTL_ENABLE_DEBUG_INFO = YES;
				ONLY_ACTIVE_ARCH = YES;
				SDKROOT = iphoneos;
			};
			name = Debug;
		};
		B9B860C01B9EB1920011F97C /* Release */ = {
			isa = XCBuildConfiguration;
			buildSettings = {
				ALWAYS_SEARCH_USER_PATHS = NO;
				CLANG_CXX_LANGUAGE_STANDARD = "gnu++0x";
				CLANG_CXX_LIBRARY = "libc++";
				CLANG_ENABLE_MODULES = YES;
				CLANG_ENABLE_OBJC_ARC = YES;
				CLANG_WARN_BOOL_CONVERSION = YES;
				CLANG_WARN_CONSTANT_CONVERSION = YES;
				CLANG_WARN_DIRECT_OBJC_ISA_USAGE = YES_ERROR;
				CLANG_WARN_EMPTY_BODY = YES;
				CLANG_WARN_ENUM_CONVERSION = YES;
				CLANG_WARN_INT_CONVERSION = YES;
				CLANG_WARN_OBJC_ROOT_CLASS = YES_ERROR;
				CLANG_WARN_UNREACHABLE_CODE = YES;
				CLANG_WARN__DUPLICATE_METHOD_MATCH = YES;
				"CODE_SIGN_IDENTITY[sdk=iphoneos*]" = "iPhone Developer";
				COPY_PHASE_STRIP = NO;
				DEBUG_INFORMATION_FORMAT = "dwarf-with-dsym";
				ENABLE_NS_ASSERTIONS = NO;
				ENABLE_STRICT_OBJC_MSGSEND = YES;
				GCC_C_LANGUAGE_STANDARD = gnu99;
				GCC_NO_COMMON_BLOCKS = YES;
				GCC_WARN_64_TO_32_BIT_CONVERSION = YES;
				GCC_WARN_ABOUT_RETURN_TYPE = YES_ERROR;
				GCC_WARN_UNDECLARED_SELECTOR = YES;
				GCC_WARN_UNINITIALIZED_AUTOS = YES_AGGRESSIVE;
				GCC_WARN_UNUSED_FUNCTION = YES;
				GCC_WARN_UNUSED_VARIABLE = YES;
				IPHONEOS_DEPLOYMENT_TARGET = 8.4;
				MTL_ENABLE_DEBUG_INFO = NO;
				SDKROOT = iphoneos;
				VALIDATE_PRODUCT = YES;
			};
			name = Release;
		};
		B9B860C21B9EB1920011F97C /* Debug */ = {
			isa = XCBuildConfiguration;
			buildSettings = {
				ASSETCATALOG_COMPILER_APPICON_NAME = AppIcon;
				INFOPLIST_FILE = DailDemo/Info.plist;
				LD_RUNPATH_SEARCH_PATHS = "$(inherited) @executable_path/Frameworks";
				PRODUCT_NAME = "$(TARGET_NAME)";
			};
			name = Debug;
		};
		B9B860C31B9EB1920011F97C /* Release */ = {
			isa = XCBuildConfiguration;
			buildSettings = {
				ASSETCATALOG_COMPILER_APPICON_NAME = AppIcon;
				INFOPLIST_FILE = DailDemo/Info.plist;
				LD_RUNPATH_SEARCH_PATHS = "$(inherited) @executable_path/Frameworks";
				PRODUCT_NAME = "$(TARGET_NAME)";
			};
			name = Release;
		};
		B9B860C51B9EB1920011F97C /* Debug */ = {
			isa = XCBuildConfiguration;
			buildSettings = {
				BUNDLE_LOADER = "$(TEST_HOST)";
				FRAMEWORK_SEARCH_PATHS = (
					"$(SDKROOT)/Developer/Library/Frameworks",
					"$(inherited)",
				);
				GCC_PREPROCESSOR_DEFINITIONS = (
					"DEBUG=1",
					"$(inherited)",
				);
				INFOPLIST_FILE = DailDemoTests/Info.plist;
				LD_RUNPATH_SEARCH_PATHS = "$(inherited) @executable_path/Frameworks @loader_path/Frameworks";
				PRODUCT_NAME = "$(TARGET_NAME)";
				TEST_HOST = "$(BUILT_PRODUCTS_DIR)/DailDemo.app/DailDemo";
			};
			name = Debug;
		};
		B9B860C61B9EB1920011F97C /* Release */ = {
			isa = XCBuildConfiguration;
			buildSettings = {
				BUNDLE_LOADER = "$(TEST_HOST)";
				FRAMEWORK_SEARCH_PATHS = (
					"$(SDKROOT)/Developer/Library/Frameworks",
					"$(inherited)",
				);
				INFOPLIST_FILE = DailDemoTests/Info.plist;
				LD_RUNPATH_SEARCH_PATHS = "$(inherited) @executable_path/Frameworks @loader_path/Frameworks";
				PRODUCT_NAME = "$(TARGET_NAME)";
				TEST_HOST = "$(BUILT_PRODUCTS_DIR)/DailDemo.app/DailDemo";
			};
			name = Release;
		};
/* End XCBuildConfiguration section */

/* Begin XCConfigurationList section */
		B9B860991B9EB1920011F97C /* Build configuration list for PBXProject "DailDemo" */ = {
			isa = XCConfigurationList;
			buildConfigurations = (
				B9B860BF1B9EB1920011F97C /* Debug */,
				B9B860C01B9EB1920011F97C /* Release */,
			);
			defaultConfigurationIsVisible = 0;
			defaultConfigurationName = Release;
		};
		B9B860C11B9EB1920011F97C /* Build configuration list for PBXNativeTarget "DailDemo" */ = {
			isa = XCConfigurationList;
			buildConfigurations = (
				B9B860C21B9EB1920011F97C /* Debug */,
				B9B860C31B9EB1920011F97C /* Release */,
			);
			defaultConfigurationIsVisible = 0;
		};
		B9B860C41B9EB1920011F97C /* Build configuration list for PBXNativeTarget "DailDemoTests" */ = {
			isa = XCConfigurationList;
			buildConfigurations = (
				B9B860C51B9EB1920011F97C /* Debug */,
				B9B860C61B9EB1920011F97C /* Release */,
			);
			defaultConfigurationIsVisible = 0;
		};
/* End XCConfigurationList section */
	};
	rootObject = B9B860961B9EB1920011F97C /* Project object */;
}
